// !$*UTF8*$!
{
	archiveVersion = 1;
	classes = {
	};
	objectVersion = 56;
	objects = {

/* Begin PBXBuildFile section */
		361EC8D629ADE29A00E51CC4 /* HydrateApp.swift in Sources */ = {isa = PBXBuildFile; fileRef = 361EC8D529ADE29A00E51CC4 /* HydrateApp.swift */; };
		361EC8D829ADE29A00E51CC4 /* ContentView.swift in Sources */ = {isa = PBXBuildFile; fileRef = 361EC8D729ADE29A00E51CC4 /* ContentView.swift */; };
		361EC8DA29ADE29B00E51CC4 /* Assets.xcassets in Resources */ = {isa = PBXBuildFile; fileRef = 361EC8D929ADE29B00E51CC4 /* Assets.xcassets */; };
		361EC8DD29ADE29B00E51CC4 /* Preview Assets.xcassets in Resources */ = {isa = PBXBuildFile; fileRef = 361EC8DC29ADE29B00E51CC4 /* Preview Assets.xcassets */; };
		36567E8629AF0D2500AE5260 /* LogWaterView.swift in Sources */ = {isa = PBXBuildFile; fileRef = 36567E8529AF0D2500AE5260 /* LogWaterView.swift */; };
		36567E8829AF0ECE00AE5260 /* CurrentOverviewView.swift in Sources */ = {isa = PBXBuildFile; fileRef = 36567E8729AF0ECE00AE5260 /* CurrentOverviewView.swift */; };
		36567E8B29AF133C00AE5260 /* UserPreferences.swift in Sources */ = {isa = PBXBuildFile; fileRef = 36567E8A29AF133C00AE5260 /* UserPreferences.swift */; };
		36567E8D29AF1D2600AE5260 /* SettingsView.swift in Sources */ = {isa = PBXBuildFile; fileRef = 36567E8C29AF1D2600AE5260 /* SettingsView.swift */; };
/* End PBXBuildFile section */

/* Begin PBXFileReference section */
		361EC8D229ADE29A00E51CC4 /* Hydrate.app */ = {isa = PBXFileReference; explicitFileType = wrapper.application; includeInIndex = 0; path = Hydrate.app; sourceTree = BUILT_PRODUCTS_DIR; };
		361EC8D529ADE29A00E51CC4 /* HydrateApp.swift */ = {isa = PBXFileReference; lastKnownFileType = sourcecode.swift; path = HydrateApp.swift; sourceTree = "<group>"; };
		361EC8D729ADE29A00E51CC4 /* ContentView.swift */ = {isa = PBXFileReference; lastKnownFileType = sourcecode.swift; path = ContentView.swift; sourceTree = "<group>"; };
		361EC8D929ADE29B00E51CC4 /* Assets.xcassets */ = {isa = PBXFileReference; lastKnownFileType = folder.assetcatalog; path = Assets.xcassets; sourceTree = "<group>"; };
		361EC8DC29ADE29B00E51CC4 /* Preview Assets.xcassets */ = {isa = PBXFileReference; lastKnownFileType = folder.assetcatalog; path = "Preview Assets.xcassets"; sourceTree = "<group>"; };
		36567E8529AF0D2500AE5260 /* LogWaterView.swift */ = {isa = PBXFileReference; lastKnownFileType = sourcecode.swift; path = LogWaterView.swift; sourceTree = "<group>"; };
		36567E8729AF0ECE00AE5260 /* CurrentOverviewView.swift */ = {isa = PBXFileReference; lastKnownFileType = sourcecode.swift; path = CurrentOverviewView.swift; sourceTree = "<group>"; };
		36567E8A29AF133C00AE5260 /* UserPreferences.swift */ = {isa = PBXFileReference; lastKnownFileType = sourcecode.swift; path = UserPreferences.swift; sourceTree = "<group>"; };
		36567E8C29AF1D2600AE5260 /* SettingsView.swift */ = {isa = PBXFileReference; lastKnownFileType = sourcecode.swift; path = SettingsView.swift; sourceTree = "<group>"; };
/* End PBXFileReference section */

/* Begin PBXFrameworksBuildPhase section */
		361EC8CF29ADE29A00E51CC4 /* Frameworks */ = {
			isa = PBXFrameworksBuildPhase;
			buildActionMask = 2147483647;
			files = (
			);
			runOnlyForDeploymentPostprocessing = 0;
		};
/* End PBXFrameworksBuildPhase section */

/* Begin PBXGroup section */
		361EC8C929ADE29A00E51CC4 = {
			isa = PBXGroup;
			children = (
				361EC8D429ADE29A00E51CC4 /* Hydrate */,
				361EC8D329ADE29A00E51CC4 /* Products */,
			);
			sourceTree = "<group>";
		};
		361EC8D329ADE29A00E51CC4 /* Products */ = {
			isa = PBXGroup;
			children = (
				361EC8D229ADE29A00E51CC4 /* Hydrate.app */,
			);
			name = Products;
			sourceTree = "<group>";
		};
		361EC8D429ADE29A00E51CC4 /* Hydrate */ = {
			isa = PBXGroup;
			children = (
				36567E8929AF132E00AE5260 /* Models */,
				36567E8429AF0D1400AE5260 /* Views */,
				361EC8D529ADE29A00E51CC4 /* HydrateApp.swift */,
				361EC8D729ADE29A00E51CC4 /* ContentView.swift */,
				361EC8D929ADE29B00E51CC4 /* Assets.xcassets */,
				361EC8DB29ADE29B00E51CC4 /* Preview Content */,
			);
			path = Hydrate;
			sourceTree = "<group>";
		};
		361EC8DB29ADE29B00E51CC4 /* Preview Content */ = {
			isa = PBXGroup;
			children = (
				361EC8DC29ADE29B00E51CC4 /* Preview Assets.xcassets */,
			);
			path = "Preview Content";
			sourceTree = "<group>";
		};
		36567E8429AF0D1400AE5260 /* Views */ = {
			isa = PBXGroup;
			children = (
				36567E8529AF0D2500AE5260 /* LogWaterView.swift */,
				36567E8729AF0ECE00AE5260 /* CurrentOverviewView.swift */,
				36567E8C29AF1D2600AE5260 /* SettingsView.swift */,
			);
			path = Views;
			sourceTree = "<group>";
		};
		36567E8929AF132E00AE5260 /* Models */ = {
			isa = PBXGroup;
			children = (
				36567E8A29AF133C00AE5260 /* UserPreferences.swift */,
			);
			path = Models;
			sourceTree = "<group>";
		};
/* End PBXGroup section */

/* Begin PBXNativeTarget section */
		361EC8D129ADE29A00E51CC4 /* Hydrate */ = {
			isa = PBXNativeTarget;
			buildConfigurationList = 361EC8E029ADE29B00E51CC4 /* Build configuration list for PBXNativeTarget "Hydrate" */;
			buildPhases = (
				361EC8CE29ADE29A00E51CC4 /* Sources */,
				361EC8CF29ADE29A00E51CC4 /* Frameworks */,
				361EC8D029ADE29A00E51CC4 /* Resources */,
			);
			buildRules = (
			);
			dependencies = (
			);
			name = Hydrate;
			productName = Hydrate;
			productReference = 361EC8D229ADE29A00E51CC4 /* Hydrate.app */;
			productType = "com.apple.product-type.application";
		};
/* End PBXNativeTarget section */

/* Begin PBXProject section */
		361EC8CA29ADE29A00E51CC4 /* Project object */ = {
			isa = PBXProject;
			attributes = {
				BuildIndependentTargetsInParallel = 1;
				LastSwiftUpdateCheck = 1420;
				LastUpgradeCheck = 1420;
				TargetAttributes = {
					361EC8D129ADE29A00E51CC4 = {
						CreatedOnToolsVersion = 14.2;
					};
				};
			};
			buildConfigurationList = 361EC8CD29ADE29A00E51CC4 /* Build configuration list for PBXProject "Hydrate" */;
			compatibilityVersion = "Xcode 14.0";
			developmentRegion = en;
			hasScannedForEncodings = 0;
			knownRegions = (
				en,
				Base,
			);
			mainGroup = 361EC8C929ADE29A00E51CC4;
			productRefGroup = 361EC8D329ADE29A00E51CC4 /* Products */;
			projectDirPath = "";
			projectRoot = "";
			targets = (
				361EC8D129ADE29A00E51CC4 /* Hydrate */,
			);
		};
/* End PBXProject section */

/* Begin PBXResourcesBuildPhase section */
		361EC8D029ADE29A00E51CC4 /* Resources */ = {
			isa = PBXResourcesBuildPhase;
			buildActionMask = 2147483647;
			files = (
				361EC8DD29ADE29B00E51CC4 /* Preview Assets.xcassets in Resources */,
				361EC8DA29ADE29B00E51CC4 /* Assets.xcassets in Resources */,
			);
			runOnlyForDeploymentPostprocessing = 0;
		};
/* End PBXResourcesBuildPhase section */

/* Begin PBXSourcesBuildPhase section */
		361EC8CE29ADE29A00E51CC4 /* Sources */ = {
			isa = PBXSourcesBuildPhase;
			buildActionMask = 2147483647;
			files = (
				36567E8629AF0D2500AE5260 /* LogWaterView.swift in Sources */,
				36567E8829AF0ECE00AE5260 /* CurrentOverviewView.swift in Sources */,
				361EC8D829ADE29A00E51CC4 /* ContentView.swift in Sources */,
				36567E8D29AF1D2600AE5260 /* SettingsView.swift in Sources */,
				36567E8B29AF133C00AE5260 /* UserPreferences.swift in Sources */,
				361EC8D629ADE29A00E51CC4 /* HydrateApp.swift in Sources */,
			);
			runOnlyForDeploymentPostprocessing = 0;
		};
/* End PBXSourcesBuildPhase section */

/* Begin XCBuildConfiguration section */
		361EC8DE29ADE29B00E51CC4 /* Debug */ = {
			isa = XCBuildConfiguration;
			buildSettings = {
				ALWAYS_SEARCH_USER_PATHS = NO;
				CLANG_ANALYZER_NONNULL = YES;
				CLANG_ANALYZER_NUMBER_OBJECT_CONVERSION = YES_AGGRESSIVE;
				CLANG_CXX_LANGUAGE_STANDARD = "gnu++20";
				CLANG_ENABLE_MODULES = YES;
				CLANG_ENABLE_OBJC_ARC = YES;
				CLANG_ENABLE_OBJC_WEAK = YES;
				CLANG_WARN_BLOCK_CAPTURE_AUTORELEASING = YES;
				CLANG_WARN_BOOL_CONVERSION = YES;
				CLANG_WARN_COMMA = YES;
				CLANG_WARN_CONSTANT_CONVERSION = YES;
				CLANG_WARN_DEPRECATED_OBJC_IMPLEMENTATIONS = YES;
				CLANG_WARN_DIRECT_OBJC_ISA_USAGE = YES_ERROR;
				CLANG_WARN_DOCUMENTATION_COMMENTS = YES;
				CLANG_WARN_EMPTY_BODY = YES;
				CLANG_WARN_ENUM_CONVERSION = YES;
				CLANG_WARN_INFINITE_RECURSION = YES;
				CLANG_WARN_INT_CONVERSION = YES;
				CLANG_WARN_NON_LITERAL_NULL_CONVERSION = YES;
				CLANG_WARN_OBJC_IMPLICIT_RETAIN_SELF = YES;
				CLANG_WARN_OBJC_LITERAL_CONVERSION = YES;
				CLANG_WARN_OBJC_ROOT_CLASS = YES_ERROR;
				CLANG_WARN_QUOTED_INCLUDE_IN_FRAMEWORK_HEADER = YES;
				CLANG_WARN_RANGE_LOOP_ANALYSIS = YES;
				CLANG_WARN_STRICT_PROTOTYPES = YES;
				CLANG_WARN_SUSPICIOUS_MOVE = YES;
				CLANG_WARN_UNGUARDED_AVAILABILITY = YES_AGGRESSIVE;
				CLANG_WARN_UNREACHABLE_CODE = YES;
				CLANG_WARN__DUPLICATE_METHOD_MATCH = YES;
				COPY_PHASE_STRIP = NO;
				DEBUG_INFORMATION_FORMAT = dwarf;
				ENABLE_STRICT_OBJC_MSGSEND = YES;
				ENABLE_TESTABILITY = YES;
				GCC_C_LANGUAGE_STANDARD = gnu11;
				GCC_DYNAMIC_NO_PIC = NO;
				GCC_NO_COMMON_BLOCKS = YES;
				GCC_OPTIMIZATION_LEVEL = 0;
				GCC_PREPROCESSOR_DEFINITIONS = (
					"DEBUG=1",
					"$(inherited)",
				);
				GCC_WARN_64_TO_32_BIT_CONVERSION = YES;
				GCC_WARN_ABOUT_RETURN_TYPE = YES_ERROR;
				GCC_WARN_UNDECLARED_SELECTOR = YES;
				GCC_WARN_UNINITIALIZED_AUTOS = YES_AGGRESSIVE;
				GCC_WARN_UNUSED_FUNCTION = YES;
				GCC_WARN_UNUSED_VARIABLE = YES;
				IPHONEOS_DEPLOYMENT_TARGET = 16.2;
				MTL_ENABLE_DEBUG_INFO = INCLUDE_SOURCE;
				MTL_FAST_MATH = YES;
				ONLY_ACTIVE_ARCH = YES;
				SDKROOT = iphoneos;
				SWIFT_ACTIVE_COMPILATION_CONDITIONS = DEBUG;
				SWIFT_OPTIMIZATION_LEVEL = "-Onone";
			};
			name = Debug;
		};
		361EC8DF29ADE29B00E51CC4 /* Release */ = {
			isa = XCBuildConfiguration;
			buildSettings = {
				ALWAYS_SEARCH_USER_PATHS = NO;
				CLANG_ANALYZER_NONNULL = YES;
				CLANG_ANALYZER_NUMBER_OBJECT_CONVERSION = YES_AGGRESSIVE;
				CLANG_CXX_LANGUAGE_STANDARD = "gnu++20";
				CLANG_ENABLE_MODULES = YES;
				CLANG_ENABLE_OBJC_ARC = YES;
				CLANG_ENABLE_OBJC_WEAK = YES;
				CLANG_WARN_BLOCK_CAPTURE_AUTORELEASING = YES;
				CLANG_WARN_BOOL_CONVERSION = YES;
				CLANG_WARN_COMMA = YES;
				CLANG_WARN_CONSTANT_CONVERSION = YES;
				CLANG_WARN_DEPRECATED_OBJC_IMPLEMENTATIONS = YES;
				CLANG_WARN_DIRECT_OBJC_ISA_USAGE = YES_ERROR;
				CLANG_WARN_DOCUMENTATION_COMMENTS = YES;
				CLANG_WARN_EMPTY_BODY = YES;
				CLANG_WARN_ENUM_CONVERSION = YES;
				CLANG_WARN_INFINITE_RECURSION = YES;
				CLANG_WARN_INT_CONVERSION = YES;
				CLANG_WARN_NON_LITERAL_NULL_CONVERSION = YES;
				CLANG_WARN_OBJC_IMPLICIT_RETAIN_SELF = YES;
				CLANG_WARN_OBJC_LITERAL_CONVERSION = YES;
				CLANG_WARN_OBJC_ROOT_CLASS = YES_ERROR;
				CLANG_WARN_QUOTED_INCLUDE_IN_FRAMEWORK_HEADER = YES;
				CLANG_WARN_RANGE_LOOP_ANALYSIS = YES;
				CLANG_WARN_STRICT_PROTOTYPES = YES;
				CLANG_WARN_SUSPICIOUS_MOVE = YES;
				CLANG_WARN_UNGUARDED_AVAILABILITY = YES_AGGRESSIVE;
				CLANG_WARN_UNREACHABLE_CODE = YES;
				CLANG_WARN__DUPLICATE_METHOD_MATCH = YES;
				COPY_PHASE_STRIP = NO;
				DEBUG_INFORMATION_FORMAT = "dwarf-with-dsym";
				ENABLE_NS_ASSERTIONS = NO;
				ENABLE_STRICT_OBJC_MSGSEND = YES;
				GCC_C_LANGUAGE_STANDARD = gnu11;
				GCC_NO_COMMON_BLOCKS = YES;
				GCC_WARN_64_TO_32_BIT_CONVERSION = YES;
				GCC_WARN_ABOUT_RETURN_TYPE = YES_ERROR;
				GCC_WARN_UNDECLARED_SELECTOR = YES;
				GCC_WARN_UNINITIALIZED_AUTOS = YES_AGGRESSIVE;
				GCC_WARN_UNUSED_FUNCTION = YES;
				GCC_WARN_UNUSED_VARIABLE = YES;
				IPHONEOS_DEPLOYMENT_TARGET = 16.2;
				MTL_ENABLE_DEBUG_INFO = NO;
				MTL_FAST_MATH = YES;
				SDKROOT = iphoneos;
				SWIFT_COMPILATION_MODE = wholemodule;
				SWIFT_OPTIMIZATION_LEVEL = "-O";
				VALIDATE_PRODUCT = YES;
			};
			name = Release;
		};
		361EC8E129ADE29B00E51CC4 /* Debug */ = {
			isa = XCBuildConfiguration;
			buildSettings = {
				ASSETCATALOG_COMPILER_APPICON_NAME = AppIcon;
				ASSETCATALOG_COMPILER_GLOBAL_ACCENT_COLOR_NAME = AccentColor;
				CODE_SIGN_STYLE = Automatic;
				CURRENT_PROJECT_VERSION = 1;
				DEVELOPMENT_ASSET_PATHS = "\"Hydrate/Preview Content\"";
				DEVELOPMENT_TEAM = 2FHQANGN2D;
				ENABLE_PREVIEWS = YES;
				GENERATE_INFOPLIST_FILE = YES;
				INFOPLIST_KEY_UIApplicationSceneManifest_Generation = YES;
				INFOPLIST_KEY_UIApplicationSupportsIndirectInputEvents = YES;
				INFOPLIST_KEY_UILaunchScreen_Generation = YES;
				INFOPLIST_KEY_UISupportedInterfaceOrientations_iPad = "UIInterfaceOrientationPortrait UIInterfaceOrientationPortraitUpsideDown UIInterfaceOrientationLandscapeLeft UIInterfaceOrientationLandscapeRight";
				INFOPLIST_KEY_UISupportedInterfaceOrientations_iPhone = "UIInterfaceOrientationPortrait UIInterfaceOrientationLandscapeLeft UIInterfaceOrientationLandscapeRight";
				LD_RUNPATH_SEARCH_PATHS = (
					"$(inherited)",
					"@executable_path/Frameworks",
				);
				MARKETING_VERSION = 1.0;
				PRODUCT_BUNDLE_IDENTIFIER = personal.Hydrate;
				PRODUCT_NAME = "$(TARGET_NAME)";
				SWIFT_EMIT_LOC_STRINGS = YES;
				SWIFT_VERSION = 5.0;
				TARGETED_DEVICE_FAMILY = "1,2";
			};
			name = Debug;
		};
		361EC8E229ADE29B00E51CC4 /* Release */ = {
			isa = XCBuildConfiguration;
			buildSettings = {
				ASSETCATALOG_COMPILER_APPICON_NAME = AppIcon;
				ASSETCATALOG_COMPILER_GLOBAL_ACCENT_COLOR_NAME = AccentColor;
				CODE_SIGN_STYLE = Automatic;
				CURRENT_PROJECT_VERSION = 1;
				DEVELOPMENT_ASSET_PATHS = "\"Hydrate/Preview Content\"";
				DEVELOPMENT_TEAM = 2FHQANGN2D;
				ENABLE_PREVIEWS = YES;
				GENERATE_INFOPLIST_FILE = YES;
				INFOPLIST_KEY_UIApplicationSceneManifest_Generation = YES;
				INFOPLIST_KEY_UIApplicationSupportsIndirectInputEvents = YES;
				INFOPLIST_KEY_UILaunchScreen_Generation = YES;
				INFOPLIST_KEY_UISupportedInterfaceOrientations_iPad = "UIInterfaceOrientationPortrait UIInterfaceOrientationPortraitUpsideDown UIInterfaceOrientationLandscapeLeft UIInterfaceOrientationLandscapeRight";
				INFOPLIST_KEY_UISupportedInterfaceOrientations_iPhone = "UIInterfaceOrientationPortrait UIInterfaceOrientationLandscapeLeft UIInterfaceOrientationLandscapeRight";
				LD_RUNPATH_SEARCH_PATHS = (
					"$(inherited)",
					"@executable_path/Frameworks",
				);
				MARKETING_VERSION = 1.0;
				PRODUCT_BUNDLE_IDENTIFIER = personal.Hydrate;
				PRODUCT_NAME = "$(TARGET_NAME)";
				SWIFT_EMIT_LOC_STRINGS = YES;
				SWIFT_VERSION = 5.0;
				TARGETED_DEVICE_FAMILY = "1,2";
			};
			name = Release;
		};
/* End XCBuildConfiguration section */

/* Begin XCConfigurationList section */
		361EC8CD29ADE29A00E51CC4 /* Build configuration list for PBXProject "Hydrate" */ = {
			isa = XCConfigurationList;
			buildConfigurations = (
				361EC8DE29ADE29B00E51CC4 /* Debug */,
				361EC8DF29ADE29B00E51CC4 /* Release */,
			);
			defaultConfigurationIsVisible = 0;
			defaultConfigurationName = Release;
		};
		361EC8E029ADE29B00E51CC4 /* Build configuration list for PBXNativeTarget "Hydrate" */ = {
			isa = XCConfigurationList;
			buildConfigurations = (
				361EC8E129ADE29B00E51CC4 /* Debug */,
				361EC8E229ADE29B00E51CC4 /* Release */,
			);
			defaultConfigurationIsVisible = 0;
			defaultConfigurationName = Release;
		};
/* End XCConfigurationList section */
	};
	rootObject = 361EC8CA29ADE29A00E51CC4 /* Project object */;
}
